// !$*UTF8*$!
{
	archiveVersion = 1;
	classes = {
	};
	objectVersion = 46;
	objects = {

/* Begin PBXBuildFile section */
		64689EFA1DD2EFD20057959D /* AppDelegate.swift in Sources */ = {isa = PBXBuildFile; fileRef = 64689EF91DD2EFD20057959D /* AppDelegate.swift */; };
		64689EFF1DD2EFD20057959D /* Main.storyboard in Resources */ = {isa = PBXBuildFile; fileRef = 64689EFD1DD2EFD20057959D /* Main.storyboard */; };
		64689F011DD2EFD20057959D /* Assets.xcassets in Resources */ = {isa = PBXBuildFile; fileRef = 64689F001DD2EFD20057959D /* Assets.xcassets */; };
		64689F041DD2EFD20057959D /* LaunchScreen.storyboard in Resources */ = {isa = PBXBuildFile; fileRef = 64689F021DD2EFD20057959D /* LaunchScreen.storyboard */; };
		64689F111DD2F1990057959D /* AddLogTableViewController.swift in Sources */ = {isa = PBXBuildFile; fileRef = 64689F0F1DD2F1990057959D /* AddLogTableViewController.swift */; };
		64689F121DD2F1990057959D /* FuelLogTableViewController.swift in Sources */ = {isa = PBXBuildFile; fileRef = 64689F101DD2F1990057959D /* FuelLogTableViewController.swift */; };
		64689F141DD2F19F0057959D /* FuelLog.swift in Sources */ = {isa = PBXBuildFile; fileRef = 64689F131DD2F19F0057959D /* FuelLog.swift */; };
		64689F161DD2F1A70057959D /* FuelManager.swift in Sources */ = {isa = PBXBuildFile; fileRef = 64689F151DD2F1A70057959D /* FuelManager.swift */; };
		94B455486A7DBD25E06D3E2C /* RolloutGenerated.swift in Sources */ = {isa = PBXBuildFile; fileRef = 519863CBCE62843CECE3B35A /* RolloutGenerated.swift */; };
		C8728CB267D68BF5881D9E86 /* Pods_Fuel_Log.framework in Frameworks */ = {isa = PBXBuildFile; fileRef = 9F0AFF46210156A20BFC11C6 /* Pods_Fuel_Log.framework */; };
		CCB3F1B48053AC739820584A /* RolloutSwiftInjectionBridge.swift in Sources */ = {isa = PBXBuildFile; fileRef = F3DF5776CA2057351985C86A /* RolloutSwiftInjectionBridge.swift */; };
/* End PBXBuildFile section */

/* Begin PBXFileReference section */
		24683EA80EFE4B1426EB5113 /* Pods-Fuel Log.release.xcconfig */ = {isa = PBXFileReference; includeInIndex = 1; lastKnownFileType = text.xcconfig; name = "Pods-Fuel Log.release.xcconfig"; path = "Pods/Target Support Files/Pods-Fuel Log/Pods-Fuel Log.release.xcconfig"; sourceTree = "<group>"; };
		519863CBCE62843CECE3B35A /* RolloutGenerated.swift */ = {isa = PBXFileReference; fileEncoding = 4; lastKnownFileType = sourcecode.swift; name = RolloutGenerated.swift; path = Pods/Rollout.io/RolloutSwift/RolloutGenerated.swift; sourceTree = "<group>"; };
		64689EF61DD2EFD20057959D /* Fuel Log.app */ = {isa = PBXFileReference; explicitFileType = wrapper.application; includeInIndex = 0; path = "Fuel Log.app"; sourceTree = BUILT_PRODUCTS_DIR; };
		64689EF91DD2EFD20057959D /* AppDelegate.swift */ = {isa = PBXFileReference; lastKnownFileType = sourcecode.swift; path = AppDelegate.swift; sourceTree = "<group>"; };
		64689EFE1DD2EFD20057959D /* Base */ = {isa = PBXFileReference; lastKnownFileType = file.storyboard; name = Base; path = Base.lproj/Main.storyboard; sourceTree = "<group>"; };
		64689F001DD2EFD20057959D /* Assets.xcassets */ = {isa = PBXFileReference; lastKnownFileType = folder.assetcatalog; path = Assets.xcassets; sourceTree = "<group>"; };
		64689F031DD2EFD20057959D /* Base */ = {isa = PBXFileReference; lastKnownFileType = file.storyboard; name = Base; path = Base.lproj/LaunchScreen.storyboard; sourceTree = "<group>"; };
		64689F051DD2EFD20057959D /* Info.plist */ = {isa = PBXFileReference; lastKnownFileType = text.plist.xml; path = Info.plist; sourceTree = "<group>"; };
		64689F0F1DD2F1990057959D /* AddLogTableViewController.swift */ = {isa = PBXFileReference; fileEncoding = 4; lastKnownFileType = sourcecode.swift; path = AddLogTableViewController.swift; sourceTree = "<group>"; };
		64689F101DD2F1990057959D /* FuelLogTableViewController.swift */ = {isa = PBXFileReference; fileEncoding = 4; lastKnownFileType = sourcecode.swift; path = FuelLogTableViewController.swift; sourceTree = "<group>"; };
		64689F131DD2F19F0057959D /* FuelLog.swift */ = {isa = PBXFileReference; fileEncoding = 4; lastKnownFileType = sourcecode.swift; path = FuelLog.swift; sourceTree = "<group>"; };
		64689F151DD2F1A70057959D /* FuelManager.swift */ = {isa = PBXFileReference; fileEncoding = 4; lastKnownFileType = sourcecode.swift; path = FuelManager.swift; sourceTree = "<group>"; };
		9F0AFF46210156A20BFC11C6 /* Pods_Fuel_Log.framework */ = {isa = PBXFileReference; explicitFileType = wrapper.framework; includeInIndex = 0; path = Pods_Fuel_Log.framework; sourceTree = BUILT_PRODUCTS_DIR; };
		C8736EC10CD7B09B635520CF /* Pods-Fuel Log.debug.xcconfig */ = {isa = PBXFileReference; includeInIndex = 1; lastKnownFileType = text.xcconfig; name = "Pods-Fuel Log.debug.xcconfig"; path = "Pods/Target Support Files/Pods-Fuel Log/Pods-Fuel Log.debug.xcconfig"; sourceTree = "<group>"; };
		F3DF5776CA2057351985C86A /* RolloutSwiftInjectionBridge.swift */ = {isa = PBXFileReference; fileEncoding = 4; lastKnownFileType = sourcecode.swift; name = RolloutSwiftInjectionBridge.swift; path = Pods/Rollout.io/RolloutSwift/RolloutSwiftInjectionBridge.swift; sourceTree = "<group>"; };
/* End PBXFileReference section */

/* Begin PBXFrameworksBuildPhase section */
		64689EF31DD2EFD20057959D /* Frameworks */ = {
			isa = PBXFrameworksBuildPhase;
			buildActionMask = 2147483647;
			files = (
				C8728CB267D68BF5881D9E86 /* Pods_Fuel_Log.framework in Frameworks */,
			);
			runOnlyForDeploymentPostprocessing = 0;
		};
/* End PBXFrameworksBuildPhase section */

/* Begin PBXGroup section */
		33D5150B29C1D7F18A7AA755 /* Pods */ = {
			isa = PBXGroup;
			children = (
				C8736EC10CD7B09B635520CF /* Pods-Fuel Log.debug.xcconfig */,
				24683EA80EFE4B1426EB5113 /* Pods-Fuel Log.release.xcconfig */,
			);
			name = Pods;
			sourceTree = "<group>";
		};
		58BAEDAE9007A6A495500C7A /* Rollout */ = {
			isa = PBXGroup;
			children = (
				519863CBCE62843CECE3B35A /* RolloutGenerated.swift */,
				F3DF5776CA2057351985C86A /* RolloutSwiftInjectionBridge.swift */,
			);
			name = Rollout;
			sourceTree = "<group>";
		};
		64689EED1DD2EFD20057959D = {
			isa = PBXGroup;
			children = (
				64689EF81DD2EFD20057959D /* Fuel Log */,
				64689EF71DD2EFD20057959D /* Products */,
				33D5150B29C1D7F18A7AA755 /* Pods */,
				CAA2FF19C84414075930F22C /* Frameworks */,
				58BAEDAE9007A6A495500C7A /* Rollout */,
			);
			sourceTree = "<group>";
		};
		64689EF71DD2EFD20057959D /* Products */ = {
			isa = PBXGroup;
			children = (
				64689EF61DD2EFD20057959D /* Fuel Log.app */,
			);
			name = Products;
			sourceTree = "<group>";
		};
		64689EF81DD2EFD20057959D /* Fuel Log */ = {
			isa = PBXGroup;
			children = (
				64689F0E1DD2F17B0057959D /* Models */,
				64689F0D1DD2F1720057959D /* Managers */,
				64689F0C1DD2F1640057959D /* ViewControllers */,
				64689F0B1DD2F15A0057959D /* AppDelegate */,
				64689EFD1DD2EFD20057959D /* Main.storyboard */,
				64689F001DD2EFD20057959D /* Assets.xcassets */,
				64689F021DD2EFD20057959D /* LaunchScreen.storyboard */,
				64689F051DD2EFD20057959D /* Info.plist */,
			);
			path = "Fuel Log";
			sourceTree = "<group>";
		};
		64689F0B1DD2F15A0057959D /* AppDelegate */ = {
			isa = PBXGroup;
			children = (
				64689EF91DD2EFD20057959D /* AppDelegate.swift */,
			);
			name = AppDelegate;
			sourceTree = "<group>";
		};
		64689F0C1DD2F1640057959D /* ViewControllers */ = {
			isa = PBXGroup;
			children = (
				64689F0F1DD2F1990057959D /* AddLogTableViewController.swift */,
				64689F101DD2F1990057959D /* FuelLogTableViewController.swift */,
			);
			name = ViewControllers;
			sourceTree = "<group>";
		};
		64689F0D1DD2F1720057959D /* Managers */ = {
			isa = PBXGroup;
			children = (
				64689F151DD2F1A70057959D /* FuelManager.swift */,
			);
			name = Managers;
			sourceTree = "<group>";
		};
		64689F0E1DD2F17B0057959D /* Models */ = {
			isa = PBXGroup;
			children = (
				64689F131DD2F19F0057959D /* FuelLog.swift */,
			);
			name = Models;
			sourceTree = "<group>";
		};
		CAA2FF19C84414075930F22C /* Frameworks */ = {
			isa = PBXGroup;
			children = (
				9F0AFF46210156A20BFC11C6 /* Pods_Fuel_Log.framework */,
			);
			name = Frameworks;
			sourceTree = "<group>";
		};
/* End PBXGroup section */

/* Begin PBXNativeTarget section */
		64689EF51DD2EFD20057959D /* Fuel Log */ = {
			isa = PBXNativeTarget;
			buildConfigurationList = 64689F081DD2EFD20057959D /* Build configuration list for PBXNativeTarget "Fuel Log" */;
			buildPhases = (
				BC4D5A87636A50486154FFE6 /* Rollout.io pre-build */,
				16472489D08056AE75AB9491 /* [CP] Check Pods Manifest.lock */,
				64689EF21DD2EFD20057959D /* Sources */,
				64689EF31DD2EFD20057959D /* Frameworks */,
				64689EF41DD2EFD20057959D /* Resources */,
				5EFA828226A6C27A544A0F9C /* [CP] Embed Pods Frameworks */,
				B11C75C81037639347ED1D58 /* [CP] Copy Pods Resources */,
				5E5F829EF200C00D2ED0B56E /* Rollout.io post-build */,
			);
			buildRules = (
			);
			dependencies = (
			);
			name = "Fuel Log";
			productName = "Fuel Log";
			productReference = 64689EF61DD2EFD20057959D /* Fuel Log.app */;
			productType = "com.apple.product-type.application";
		};
/* End PBXNativeTarget section */

/* Begin PBXProject section */
		64689EEE1DD2EFD20057959D /* Project object */ = {
			isa = PBXProject;
			attributes = {
				LastSwiftUpdateCheck = 0810;
				LastUpgradeCheck = 0810;
				ORGANIZATIONNAME = QBurst;
				TargetAttributes = {
					64689EF51DD2EFD20057959D = {
						CreatedOnToolsVersion = 8.1;
						DevelopmentTeam = 5DYFD9UMYF;
						ProvisioningStyle = Automatic;
					};
				};
			};
			buildConfigurationList = 64689EF11DD2EFD20057959D /* Build configuration list for PBXProject "Fuel Log" */;
			compatibilityVersion = "Xcode 3.2";
			developmentRegion = English;
			hasScannedForEncodings = 0;
			knownRegions = (
				en,
				Base,
			);
			mainGroup = 64689EED1DD2EFD20057959D;
			productRefGroup = 64689EF71DD2EFD20057959D /* Products */;
			projectDirPath = "";
			projectRoot = "";
			targets = (
				64689EF51DD2EFD20057959D /* Fuel Log */,
			);
		};
/* End PBXProject section */

/* Begin PBXResourcesBuildPhase section */
		64689EF41DD2EFD20057959D /* Resources */ = {
			isa = PBXResourcesBuildPhase;
			buildActionMask = 2147483647;
			files = (
				64689F041DD2EFD20057959D /* LaunchScreen.storyboard in Resources */,
				64689F011DD2EFD20057959D /* Assets.xcassets in Resources */,
				64689EFF1DD2EFD20057959D /* Main.storyboard in Resources */,
			);
			runOnlyForDeploymentPostprocessing = 0;
		};
/* End PBXResourcesBuildPhase section */

/* Begin PBXShellScriptBuildPhase section */
		16472489D08056AE75AB9491 /* [CP] Check Pods Manifest.lock */ = {
			isa = PBXShellScriptBuildPhase;
			buildActionMask = 2147483647;
			files = (
			);
			inputPaths = (
			);
			name = "[CP] Check Pods Manifest.lock";
			outputPaths = (
			);
			runOnlyForDeploymentPostprocessing = 0;
			shellPath = /bin/sh;
			shellScript = "diff \"${PODS_ROOT}/../Podfile.lock\" \"${PODS_ROOT}/Manifest.lock\" > /dev/null\nif [ $? != 0 ] ; then\n    # print error to STDERR\n    echo \"error: The sandbox is not in sync with the Podfile.lock. Run 'pod install' or update your CocoaPods installation.\" >&2\n    exit 1\nfi\n";
			showEnvVarsInLog = 0;
		};
		5E5F829EF200C00D2ED0B56E /* Rollout.io post-build */ = {
			isa = PBXShellScriptBuildPhase;
			buildActionMask = 2147483647;
			files = (
			);
			inputPaths = (
			);
			name = "Rollout.io post-build";
			outputPaths = (
			);
			runOnlyForDeploymentPostprocessing = 0;
			shellPath = /bin/sh;
			shellScript = "ROLLOUT_lastXcodeprojConfiguration=8 \"${SRCROOT}/Pods/Rollout.io/lib/post-build_xcode_phase\" -k 5822b655174f748f22cf272f";
		};
		5EFA828226A6C27A544A0F9C /* [CP] Embed Pods Frameworks */ = {
			isa = PBXShellScriptBuildPhase;
			buildActionMask = 2147483647;
			files = (
			);
			inputPaths = (
			);
			name = "[CP] Embed Pods Frameworks";
			outputPaths = (
			);
			runOnlyForDeploymentPostprocessing = 0;
			shellPath = /bin/sh;
			shellScript = "\"${SRCROOT}/Pods/Target Support Files/Pods-Fuel Log/Pods-Fuel Log-frameworks.sh\"\n";
			showEnvVarsInLog = 0;
		};
		B11C75C81037639347ED1D58 /* [CP] Copy Pods Resources */ = {
			isa = PBXShellScriptBuildPhase;
			buildActionMask = 2147483647;
			files = (
			);
			inputPaths = (
			);
			name = "[CP] Copy Pods Resources";
			outputPaths = (
			);
			runOnlyForDeploymentPostprocessing = 0;
			shellPath = /bin/sh;
			shellScript = "\"${SRCROOT}/Pods/Target Support Files/Pods-Fuel Log/Pods-Fuel Log-resources.sh\"\n";
			showEnvVarsInLog = 0;
		};
		BC4D5A87636A50486154FFE6 /* Rollout.io pre-build */ = {
			isa = PBXShellScriptBuildPhase;
			buildActionMask = 2147483647;
			files = (
			);
			inputPaths = (
			);
			name = "Rollout.io pre-build";
			outputPaths = (
			);
			runOnlyForDeploymentPostprocessing = 0;
			shellPath = /bin/sh;
			shellScript = "ROLLOUT_lastXcodeprojConfiguration=8 \"${SRCROOT}/Pods/Rollout.io/lib/pre-build_xcode_phase\" -k 5822b655174f748f22cf272f";
		};
/* End PBXShellScriptBuildPhase section */

/* Begin PBXSourcesBuildPhase section */
		64689EF21DD2EFD20057959D /* Sources */ = {
			isa = PBXSourcesBuildPhase;
			buildActionMask = 2147483647;
			files = (
				64689F111DD2F1990057959D /* AddLogTableViewController.swift in Sources */,
				64689EFA1DD2EFD20057959D /* AppDelegate.swift in Sources */,
				64689F161DD2F1A70057959D /* FuelManager.swift in Sources */,
				64689F141DD2F19F0057959D /* FuelLog.swift in Sources */,
				64689F121DD2F1990057959D /* FuelLogTableViewController.swift in Sources */,
				94B455486A7DBD25E06D3E2C /* RolloutGenerated.swift in Sources */,
				CCB3F1B48053AC739820584A /* RolloutSwiftInjectionBridge.swift in Sources */,
			);
			runOnlyForDeploymentPostprocessing = 0;
		};
/* End PBXSourcesBuildPhase section */

/* Begin PBXVariantGroup section */
		64689EFD1DD2EFD20057959D /* Main.storyboard */ = {
			isa = PBXVariantGroup;
			children = (
				64689EFE1DD2EFD20057959D /* Base */,
			);
			name = Main.storyboard;
			sourceTree = "<group>";
		};
		64689F021DD2EFD20057959D /* LaunchScreen.storyboard */ = {
			isa = PBXVariantGroup;
			children = (
				64689F031DD2EFD20057959D /* Base */,
			);
			name = LaunchScreen.storyboard;
			sourceTree = "<group>";
		};
/* End PBXVariantGroup section */

/* Begin XCBuildConfiguration section */
		64689F061DD2EFD20057959D /* Debug */ = {
			isa = XCBuildConfiguration;
			buildSettings = {
				ALWAYS_SEARCH_USER_PATHS = NO;
				CLANG_ANALYZER_NONNULL = YES;
				CLANG_CXX_LANGUAGE_STANDARD = "gnu++0x";
				CLANG_CXX_LIBRARY = "libc++";
				CLANG_ENABLE_MODULES = YES;
				CLANG_ENABLE_OBJC_ARC = YES;
				CLANG_WARN_BOOL_CONVERSION = YES;
				CLANG_WARN_CONSTANT_CONVERSION = YES;
				CLANG_WARN_DIRECT_OBJC_ISA_USAGE = YES_ERROR;
				CLANG_WARN_DOCUMENTATION_COMMENTS = YES;
				CLANG_WARN_EMPTY_BODY = YES;
				CLANG_WARN_ENUM_CONVERSION = YES;
				CLANG_WARN_INFINITE_RECURSION = YES;
				CLANG_WARN_INT_CONVERSION = YES;
				CLANG_WARN_OBJC_ROOT_CLASS = YES_ERROR;
				CLANG_WARN_SUSPICIOUS_MOVE = YES;
				CLANG_WARN_SUSPICIOUS_MOVES = YES;
				CLANG_WARN_UNREACHABLE_CODE = YES;
				CLANG_WARN__DUPLICATE_METHOD_MATCH = YES;
				"CODE_SIGN_IDENTITY[sdk=iphoneos*]" = "iPhone Developer";
				COPY_PHASE_STRIP = NO;
				DEBUG_INFORMATION_FORMAT = dwarf;
				ENABLE_STRICT_OBJC_MSGSEND = YES;
				ENABLE_TESTABILITY = YES;
				GCC_C_LANGUAGE_STANDARD = gnu99;
				GCC_DYNAMIC_NO_PIC = NO;
				GCC_NO_COMMON_BLOCKS = YES;
				GCC_OPTIMIZATION_LEVEL = 0;
				GCC_PREPROCESSOR_DEFINITIONS = (
					"DEBUG=1",
					"$(inherited)",
				);
				GCC_WARN_64_TO_32_BIT_CONVERSION = YES;
				GCC_WARN_ABOUT_RETURN_TYPE = YES_ERROR;
				GCC_WARN_UNDECLARED_SELECTOR = YES;
				GCC_WARN_UNINITIALIZED_AUTOS = YES_AGGRESSIVE;
				GCC_WARN_UNUSED_FUNCTION = YES;
				GCC_WARN_UNUSED_VARIABLE = YES;
				IPHONEOS_DEPLOYMENT_TARGET = 10.1;
				MTL_ENABLE_DEBUG_INFO = YES;
				ONLY_ACTIVE_ARCH = YES;
				SDKROOT = iphoneos;
				SWIFT_ACTIVE_COMPILATION_CONDITIONS = DEBUG;
				SWIFT_OPTIMIZATION_LEVEL = "-Onone";
			};
			name = Debug;
		};
		64689F071DD2EFD20057959D /* Release */ = {
			isa = XCBuildConfiguration;
			buildSettings = {
				ALWAYS_SEARCH_USER_PATHS = NO;
				CLANG_ANALYZER_NONNULL = YES;
				CLANG_CXX_LANGUAGE_STANDARD = "gnu++0x";
				CLANG_CXX_LIBRARY = "libc++";
				CLANG_ENABLE_MODULES = YES;
				CLANG_ENABLE_OBJC_ARC = YES;
				CLANG_WARN_BOOL_CONVERSION = YES;
				CLANG_WARN_CONSTANT_CONVERSION = YES;
				CLANG_WARN_DIRECT_OBJC_ISA_USAGE = YES_ERROR;
				CLANG_WARN_DOCUMENTATION_COMMENTS = YES;
				CLANG_WARN_EMPTY_BODY = YES;
				CLANG_WARN_ENUM_CONVERSION = YES;
				CLANG_WARN_INFINITE_RECURSION = YES;
				CLANG_WARN_INT_CONVERSION = YES;
				CLANG_WARN_OBJC_ROOT_CLASS = YES_ERROR;
				CLANG_WARN_SUSPICIOUS_MOVE = YES;
				CLANG_WARN_SUSPICIOUS_MOVES = YES;
				CLANG_WARN_UNREACHABLE_CODE = YES;
				CLANG_WARN__DUPLICATE_METHOD_MATCH = YES;
				"CODE_SIGN_IDENTITY[sdk=iphoneos*]" = "iPhone Developer";
				COPY_PHASE_STRIP = NO;
				DEBUG_INFORMATION_FORMAT = "dwarf-with-dsym";
				ENABLE_NS_ASSERTIONS = NO;
				ENABLE_STRICT_OBJC_MSGSEND = YES;
				GCC_C_LANGUAGE_STANDARD = gnu99;
				GCC_NO_COMMON_BLOCKS = YES;
				GCC_WARN_64_TO_32_BIT_CONVERSION = YES;
				GCC_WARN_ABOUT_RETURN_TYPE = YES_ERROR;
				GCC_WARN_UNDECLARED_SELECTOR = YES;
				GCC_WARN_UNINITIALIZED_AUTOS = YES_AGGRESSIVE;
				GCC_WARN_UNUSED_FUNCTION = YES;
				GCC_WARN_UNUSED_VARIABLE = YES;
				IPHONEOS_DEPLOYMENT_TARGET = 10.1;
				MTL_ENABLE_DEBUG_INFO = NO;
				SDKROOT = iphoneos;
				SWIFT_OPTIMIZATION_LEVEL = "-Owholemodule";
				VALIDATE_PRODUCT = YES;
			};
			name = Release;
		};
		64689F091DD2EFD20057959D /* Debug */ = {
			isa = XCBuildConfiguration;
			baseConfigurationReference = C8736EC10CD7B09B635520CF /* Pods-Fuel Log.debug.xcconfig */;
			buildSettings = {
				ASSETCATALOG_COMPILER_APPICON_NAME = AppIcon;
				DEVELOPMENT_TEAM = 5DYFD9UMYF;
				INFOPLIST_FILE = "Fuel Log/Info.plist";
				LD_RUNPATH_SEARCH_PATHS = "$(inherited) @executable_path/Frameworks";
				PRODUCT_BUNDLE_IDENTIFIER = "com.qburst.Fuel-Log";
				PRODUCT_NAME = "$(TARGET_NAME)";
				SWIFT_EXEC = "$(SRCROOT)/Pods/Rollout.io/lib/swift_wrapper/swiftc";
				SWIFT_VERSION = 3.0;
			};
			name = Debug;
		};
		64689F0A1DD2EFD20057959D /* Release */ = {
			isa = XCBuildConfiguration;
			baseConfigurationReference = 24683EA80EFE4B1426EB5113 /* Pods-Fuel Log.release.xcconfig */;
			buildSettings = {
				ASSETCATALOG_COMPILER_APPICON_NAME = AppIcon;
				DEVELOPMENT_TEAM = 5DYFD9UMYF;
				INFOPLIST_FILE = "Fuel Log/Info.plist";
				LD_RUNPATH_SEARCH_PATHS = "$(inherited) @executable_path/Frameworks";
				PRODUCT_BUNDLE_IDENTIFIER = "com.qburst.Fuel-Log";
				PRODUCT_NAME = "$(TARGET_NAME)";
				SWIFT_EXEC = "$(SRCROOT)/Pods/Rollout.io/lib/swift_wrapper/swiftc";
				SWIFT_VERSION = 3.0;
			};
			name = Release;
		};
/* End XCBuildConfiguration section */

/* Begin XCConfigurationList section */
		64689EF11DD2EFD20057959D /* Build configuration list for PBXProject "Fuel Log" */ = {
			isa = XCConfigurationList;
			buildConfigurations = (
				64689F061DD2EFD20057959D /* Debug */,
				64689F071DD2EFD20057959D /* Release */,
			);
			defaultConfigurationIsVisible = 0;
			defaultConfigurationName = Release;
		};
		64689F081DD2EFD20057959D /* Build configuration list for PBXNativeTarget "Fuel Log" */ = {
			isa = XCConfigurationList;
			buildConfigurations = (
				64689F091DD2EFD20057959D /* Debug */,
				64689F0A1DD2EFD20057959D /* Release */,
			);
			defaultConfigurationIsVisible = 0;
			defaultConfigurationName = Release;
		};
/* End XCConfigurationList section */
	};
	rootObject = 64689EEE1DD2EFD20057959D /* Project object */;
}
